
Microsoft Visual Studio Solution File, Format Version 12.00
# Visual Studio Version 16
VisualStudioVersion = 16.0.29509.3
MinimumVisualStudioVersion = 10.0.40219.1
Project("{8BC9CEB8-8B4A-11D0-8D11-00A0C91BC942}") = "CS228T_U5_A1", "CS228T_U5_A1.vcxproj", "{DB5DBFF1-7E6A-4043-83DD-B3D1803BAFCD}"
EndProject
Global
	GlobalSection(SolutionConfigurationPlatforms) = preSolution
		Debug|x64 = Debug|x64
		Debug|x86 = Debug|x86
		Release|x64 = Release|x64
		Release|x86 = Release|x86
	EndGlobalSection
	GlobalSection(ProjectConfigurationPlatforms) = postSolution
		{DB5DBFF1-7E6A-4043-83DD-B3D1803BAFCD}.Debug|x64.ActiveCfg = Debug|x64
		{DB5DBFF1-7E6A-4043-83DD-B3D1803BAFCD}.Debug|x64.Build.0 = Debug|x64
		{DB5DBFF1-7E6A-4043-83DD-B3D1803BAFCD}.Debug|x86.ActiveCfg = Debug|Win32
		{DB5DBFF1-7E6A-4043-83DD-B3D1803BAFCD}.Debug|x86.Build.0 = Debug|Win32
		{DB5DBFF1-7E6A-4043-83DD-B3D1803BAFCD}.Release|x64.ActiveCfg = Release|x64
		{DB5DBFF1-7E6A-4043-83DD-B3D1803BAFCD}.Release|x64.Build.0 = Release|x64
		{DB5DBFF1-7E6A-4043-83DD-B3D1803BAFCD}.Release|x86.ActiveCfg = Release|Win32
		{DB5DBFF1-7E6A-4043-83DD-B3D1803BAFCD}.Release|x86.Build.0 = Release|Win32
	EndGlobalSection
	GlobalSection(SolutionProperties) = preSolution
		HideSolutionNode = FALSE
	EndGlobalSection
	GlobalSection(ExtensibilityGlobals) = postSolution
		SolutionGuid = {9508D95A-BAF5-47FE-AC0C-33A954D3CE39}
	EndGlobalSection
EndGlobal
